// !$*UTF8*$!
{
	archiveVersion = 1;
	classes = {
	};
	objectVersion = 50;
	objects = {

/* Begin PBXBuildFile section */
		1612037224DC93D10009C852 /* Default-568h@2x.png in Resources */ = {isa = PBXBuildFile; fileRef = 1612037124DC93D10009C852 /* Default-568h@2x.png */; };
		1690AA7B24D8C66F003A9D19 /* AppDelegate.swift in Sources */ = {isa = PBXBuildFile; fileRef = 1690AA7A24D8C66F003A9D19 /* AppDelegate.swift */; };
		1690AA7D24D8C66F003A9D19 /* SceneDelegate.swift in Sources */ = {isa = PBXBuildFile; fileRef = 1690AA7C24D8C66F003A9D19 /* SceneDelegate.swift */; };
		1690AA7F24D8C66F003A9D19 /* ViewController.swift in Sources */ = {isa = PBXBuildFile; fileRef = 1690AA7E24D8C66F003A9D19 /* ViewController.swift */; };
		1690AA8224D8C66F003A9D19 /* Main.storyboard in Resources */ = {isa = PBXBuildFile; fileRef = 1690AA8024D8C66F003A9D19 /* Main.storyboard */; };
		1690AA8424D8C674003A9D19 /* Assets.xcassets in Resources */ = {isa = PBXBuildFile; fileRef = 1690AA8324D8C674003A9D19 /* Assets.xcassets */; };
		1690AA8724D8C674003A9D19 /* LaunchScreen.storyboard in Resources */ = {isa = PBXBuildFile; fileRef = 1690AA8524D8C674003A9D19 /* LaunchScreen.storyboard */; };
		1690AA9B24D8C8D5003A9D19 /* nssl0049.jpg in Resources */ = {isa = PBXBuildFile; fileRef = 1690AA9124D8C8D5003A9D19 /* nssl0049.jpg */; };
		1690AA9C24D8C8D5003A9D19 /* nssl0046.jpg in Resources */ = {isa = PBXBuildFile; fileRef = 1690AA9224D8C8D5003A9D19 /* nssl0046.jpg */; };
		1690AA9D24D8C8D5003A9D19 /* nssl0091.jpg in Resources */ = {isa = PBXBuildFile; fileRef = 1690AA9324D8C8D5003A9D19 /* nssl0091.jpg */; };
		1690AA9E24D8C8D5003A9D19 /* nssl0045.jpg in Resources */ = {isa = PBXBuildFile; fileRef = 1690AA9424D8C8D5003A9D19 /* nssl0045.jpg */; };
		1690AA9F24D8C8D5003A9D19 /* nssl0051.jpg in Resources */ = {isa = PBXBuildFile; fileRef = 1690AA9524D8C8D5003A9D19 /* nssl0051.jpg */; };
		1690AAA024D8C8D5003A9D19 /* nssl0041.jpg in Resources */ = {isa = PBXBuildFile; fileRef = 1690AA9624D8C8D5003A9D19 /* nssl0041.jpg */; };
		1690AAA124D8C8D5003A9D19 /* nssl0042.jpg in Resources */ = {isa = PBXBuildFile; fileRef = 1690AA9724D8C8D5003A9D19 /* nssl0042.jpg */; };
		1690AAA224D8C8D5003A9D19 /* nssl0043.jpg in Resources */ = {isa = PBXBuildFile; fileRef = 1690AA9824D8C8D5003A9D19 /* nssl0043.jpg */; };
		1690AAA324D8C8D5003A9D19 /* nssl0033.jpg in Resources */ = {isa = PBXBuildFile; fileRef = 1690AA9924D8C8D5003A9D19 /* nssl0033.jpg */; };
		1690AAA424D8C8D5003A9D19 /* nssl0034.jpg in Resources */ = {isa = PBXBuildFile; fileRef = 1690AA9A24D8C8D5003A9D19 /* nssl0034.jpg */; };
		1690AAA624D8D4A1003A9D19 /* DetailViewController.swift in Sources */ = {isa = PBXBuildFile; fileRef = 1690AAA524D8D4A1003A9D19 /* DetailViewController.swift */; };
/* End PBXBuildFile section */

/* Begin PBXFileReference section */
		1612037124DC93D10009C852 /* Default-568h@2x.png */ = {isa = PBXFileReference; lastKnownFileType = image.png; path = "Default-568h@2x.png"; sourceTree = "<group>"; };
		1690AA7724D8C66F003A9D19 /* Project3.app */ = {isa = PBXFileReference; explicitFileType = wrapper.application; includeInIndex = 0; path = Project3.app; sourceTree = BUILT_PRODUCTS_DIR; };
		1690AA7A24D8C66F003A9D19 /* AppDelegate.swift */ = {isa = PBXFileReference; lastKnownFileType = sourcecode.swift; path = AppDelegate.swift; sourceTree = "<group>"; };
		1690AA7C24D8C66F003A9D19 /* SceneDelegate.swift */ = {isa = PBXFileReference; lastKnownFileType = sourcecode.swift; path = SceneDelegate.swift; sourceTree = "<group>"; };
		1690AA7E24D8C66F003A9D19 /* ViewController.swift */ = {isa = PBXFileReference; lastKnownFileType = sourcecode.swift; path = ViewController.swift; sourceTree = "<group>"; };
		1690AA8124D8C66F003A9D19 /* Base */ = {isa = PBXFileReference; lastKnownFileType = file.storyboard; name = Base; path = Base.lproj/Main.storyboard; sourceTree = "<group>"; };
		1690AA8324D8C674003A9D19 /* Assets.xcassets */ = {isa = PBXFileReference; lastKnownFileType = folder.assetcatalog; path = Assets.xcassets; sourceTree = "<group>"; };
		1690AA8624D8C674003A9D19 /* Base */ = {isa = PBXFileReference; lastKnownFileType = file.storyboard; name = Base; path = Base.lproj/LaunchScreen.storyboard; sourceTree = "<group>"; };
		1690AA8824D8C674003A9D19 /* Info.plist */ = {isa = PBXFileReference; lastKnownFileType = text.plist.xml; path = Info.plist; sourceTree = "<group>"; };
		1690AA9124D8C8D5003A9D19 /* nssl0049.jpg */ = {isa = PBXFileReference; lastKnownFileType = image.jpeg; path = nssl0049.jpg; sourceTree = "<group>"; };
		1690AA9224D8C8D5003A9D19 /* nssl0046.jpg */ = {isa = PBXFileReference; lastKnownFileType = image.jpeg; path = nssl0046.jpg; sourceTree = "<group>"; };
		1690AA9324D8C8D5003A9D19 /* nssl0091.jpg */ = {isa = PBXFileReference; lastKnownFileType = image.jpeg; path = nssl0091.jpg; sourceTree = "<group>"; };
		1690AA9424D8C8D5003A9D19 /* nssl0045.jpg */ = {isa = PBXFileReference; lastKnownFileType = image.jpeg; path = nssl0045.jpg; sourceTree = "<group>"; };
		1690AA9524D8C8D5003A9D19 /* nssl0051.jpg */ = {isa = PBXFileReference; lastKnownFileType = image.jpeg; path = nssl0051.jpg; sourceTree = "<group>"; };
		1690AA9624D8C8D5003A9D19 /* nssl0041.jpg */ = {isa = PBXFileReference; lastKnownFileType = image.jpeg; path = nssl0041.jpg; sourceTree = "<group>"; };
		1690AA9724D8C8D5003A9D19 /* nssl0042.jpg */ = {isa = PBXFileReference; lastKnownFileType = image.jpeg; path = nssl0042.jpg; sourceTree = "<group>"; };
		1690AA9824D8C8D5003A9D19 /* nssl0043.jpg */ = {isa = PBXFileReference; lastKnownFileType = image.jpeg; path = nssl0043.jpg; sourceTree = "<group>"; };
		1690AA9924D8C8D5003A9D19 /* nssl0033.jpg */ = {isa = PBXFileReference; lastKnownFileType = image.jpeg; path = nssl0033.jpg; sourceTree = "<group>"; };
		1690AA9A24D8C8D5003A9D19 /* nssl0034.jpg */ = {isa = PBXFileReference; lastKnownFileType = image.jpeg; path = nssl0034.jpg; sourceTree = "<group>"; };
		1690AAA524D8D4A1003A9D19 /* DetailViewController.swift */ = {isa = PBXFileReference; lastKnownFileType = sourcecode.swift; path = DetailViewController.swift; sourceTree = "<group>"; };
/* End PBXFileReference section */

/* Begin PBXFrameworksBuildPhase section */
		1690AA7424D8C66F003A9D19 /* Frameworks */ = {
			isa = PBXFrameworksBuildPhase;
			buildActionMask = 2147483647;
			files = (
			);
			runOnlyForDeploymentPostprocessing = 0;
		};
/* End PBXFrameworksBuildPhase section */

/* Begin PBXGroup section */
		1690AA6E24D8C66E003A9D19 = {
			isa = PBXGroup;
			children = (
				1612037124DC93D10009C852 /* Default-568h@2x.png */,
				1690AA7924D8C66F003A9D19 /* Project3 */,
				1690AA7824D8C66F003A9D19 /* Products */,
			);
			sourceTree = "<group>";
		};
		1690AA7824D8C66F003A9D19 /* Products */ = {
			isa = PBXGroup;
			children = (
				1690AA7724D8C66F003A9D19 /* Project3.app */,
			);
			name = Products;
			sourceTree = "<group>";
		};
		1690AA7924D8C66F003A9D19 /* Project3 */ = {
			isa = PBXGroup;
			children = (
				1690AA7A24D8C66F003A9D19 /* AppDelegate.swift */,
				1690AA7C24D8C66F003A9D19 /* SceneDelegate.swift */,
				1690AA7E24D8C66F003A9D19 /* ViewController.swift */,
				1690AAA524D8D4A1003A9D19 /* DetailViewController.swift */,
				1690AA8024D8C66F003A9D19 /* Main.storyboard */,
				1690AA8324D8C674003A9D19 /* Assets.xcassets */,
				1690AA8524D8C674003A9D19 /* LaunchScreen.storyboard */,
				1690AA8824D8C674003A9D19 /* Info.plist */,
				1690AA9024D8C8D5003A9D19 /* Content */,
			);
			path = Project3;
			sourceTree = "<group>";
		};
		1690AA9024D8C8D5003A9D19 /* Content */ = {
			isa = PBXGroup;
			children = (
				1690AA9124D8C8D5003A9D19 /* nssl0049.jpg */,
				1690AA9224D8C8D5003A9D19 /* nssl0046.jpg */,
				1690AA9324D8C8D5003A9D19 /* nssl0091.jpg */,
				1690AA9424D8C8D5003A9D19 /* nssl0045.jpg */,
				1690AA9524D8C8D5003A9D19 /* nssl0051.jpg */,
				1690AA9624D8C8D5003A9D19 /* nssl0041.jpg */,
				1690AA9724D8C8D5003A9D19 /* nssl0042.jpg */,
				1690AA9824D8C8D5003A9D19 /* nssl0043.jpg */,
				1690AA9924D8C8D5003A9D19 /* nssl0033.jpg */,
				1690AA9A24D8C8D5003A9D19 /* nssl0034.jpg */,
			);
			path = Content;
			sourceTree = "<group>";
		};
/* End PBXGroup section */

/* Begin PBXNativeTarget section */
		1690AA7624D8C66F003A9D19 /* Project3 */ = {
			isa = PBXNativeTarget;
			buildConfigurationList = 1690AA8B24D8C674003A9D19 /* Build configuration list for PBXNativeTarget "Project3" */;
			buildPhases = (
				1690AA7324D8C66F003A9D19 /* Sources */,
				1690AA7424D8C66F003A9D19 /* Frameworks */,
				1690AA7524D8C66F003A9D19 /* Resources */,
			);
			buildRules = (
			);
			dependencies = (
			);
			name = Project3;
			productName = Project1;
			productReference = 1690AA7724D8C66F003A9D19 /* Project3.app */;
			productType = "com.apple.product-type.application";
		};
/* End PBXNativeTarget section */

/* Begin PBXProject section */
		1690AA6F24D8C66F003A9D19 /* Project object */ = {
			isa = PBXProject;
			attributes = {
				LastSwiftUpdateCheck = 1150;
				LastUpgradeCheck = 1150;
				ORGANIZATIONNAME = "Lucas Rocha";
				TargetAttributes = {
					1690AA7624D8C66F003A9D19 = {
						CreatedOnToolsVersion = 11.5;
					};
				};
			};
			buildConfigurationList = 1690AA7224D8C66F003A9D19 /* Build configuration list for PBXProject "Project3" */;
			compatibilityVersion = "Xcode 9.3";
			developmentRegion = en;
			hasScannedForEncodings = 0;
			knownRegions = (
				en,
				Base,
			);
			mainGroup = 1690AA6E24D8C66E003A9D19;
			productRefGroup = 1690AA7824D8C66F003A9D19 /* Products */;
			projectDirPath = "";
			projectRoot = "";
			targets = (
				1690AA7624D8C66F003A9D19 /* Project3 */,
			);
		};
/* End PBXProject section */

/* Begin PBXResourcesBuildPhase section */
		1690AA7524D8C66F003A9D19 /* Resources */ = {
			isa = PBXResourcesBuildPhase;
			buildActionMask = 2147483647;
			files = (
				1690AA9C24D8C8D5003A9D19 /* nssl0046.jpg in Resources */,
				1690AAA324D8C8D5003A9D19 /* nssl0033.jpg in Resources */,
				1690AA9F24D8C8D5003A9D19 /* nssl0051.jpg in Resources */,
				1690AA9D24D8C8D5003A9D19 /* nssl0091.jpg in Resources */,
				1690AAA224D8C8D5003A9D19 /* nssl0043.jpg in Resources */,
				1612037224DC93D10009C852 /* Default-568h@2x.png in Resources */,
				1690AAA424D8C8D5003A9D19 /* nssl0034.jpg in Resources */,
				1690AA9B24D8C8D5003A9D19 /* nssl0049.jpg in Resources */,
				1690AAA024D8C8D5003A9D19 /* nssl0041.jpg in Resources */,
				1690AAA124D8C8D5003A9D19 /* nssl0042.jpg in Resources */,
				1690AA8724D8C674003A9D19 /* LaunchScreen.storyboard in Resources */,
				1690AA8424D8C674003A9D19 /* Assets.xcassets in Resources */,
				1690AA9E24D8C8D5003A9D19 /* nssl0045.jpg in Resources */,
				1690AA8224D8C66F003A9D19 /* Main.storyboard in Resources */,
			);
			runOnlyForDeploymentPostprocessing = 0;
		};
/* End PBXResourcesBuildPhase section */

/* Begin PBXSourcesBuildPhase section */
		1690AA7324D8C66F003A9D19 /* Sources */ = {
			isa = PBXSourcesBuildPhase;
			buildActionMask = 2147483647;
			files = (
				1690AA7F24D8C66F003A9D19 /* ViewController.swift in Sources */,
				1690AA7B24D8C66F003A9D19 /* AppDelegate.swift in Sources */,
				1690AA7D24D8C66F003A9D19 /* SceneDelegate.swift in Sources */,
				1690AAA624D8D4A1003A9D19 /* DetailViewController.swift in Sources */,
			);
			runOnlyForDeploymentPostprocessing = 0;
		};
/* End PBXSourcesBuildPhase section */

/* Begin PBXVariantGroup section */
		1690AA8024D8C66F003A9D19 /* Main.storyboard */ = {
			isa = PBXVariantGroup;
			children = (
				1690AA8124D8C66F003A9D19 /* Base */,
			);
			name = Main.storyboard;
			sourceTree = "<group>";
		};
		1690AA8524D8C674003A9D19 /* LaunchScreen.storyboard */ = {
			isa = PBXVariantGroup;
			children = (
				1690AA8624D8C674003A9D19 /* Base */,
			);
			name = LaunchScreen.storyboard;
			sourceTree = "<group>";
		};
/* End PBXVariantGroup section */

/* Begin XCBuildConfiguration section */
		1690AA8924D8C674003A9D19 /* Debug */ = {
			isa = XCBuildConfiguration;
			buildSettings = {
				ALWAYS_SEARCH_USER_PATHS = NO;
				CLANG_ANALYZER_NONNULL = YES;
				CLANG_ANALYZER_NUMBER_OBJECT_CONVERSION = YES_AGGRESSIVE;
				CLANG_CXX_LANGUAGE_STANDARD = "gnu++14";
				CLANG_CXX_LIBRARY = "libc++";
				CLANG_ENABLE_MODULES = YES;
				CLANG_ENABLE_OBJC_ARC = YES;
				CLANG_ENABLE_OBJC_WEAK = YES;
				CLANG_WARN_BLOCK_CAPTURE_AUTORELEASING = YES;
				CLANG_WARN_BOOL_CONVERSION = YES;
				CLANG_WARN_COMMA = YES;
				CLANG_WARN_CONSTANT_CONVERSION = YES;
				CLANG_WARN_DEPRECATED_OBJC_IMPLEMENTATIONS = YES;
				CLANG_WARN_DIRECT_OBJC_ISA_USAGE = YES_ERROR;
				CLANG_WARN_DOCUMENTATION_COMMENTS = YES;
				CLANG_WARN_EMPTY_BODY = YES;
				CLANG_WARN_ENUM_CONVERSION = YES;
				CLANG_WARN_INFINITE_RECURSION = YES;
				CLANG_WARN_INT_CONVERSION = YES;
				CLANG_WARN_NON_LITERAL_NULL_CONVERSION = YES;
				CLANG_WARN_OBJC_IMPLICIT_RETAIN_SELF = YES;
				CLANG_WARN_OBJC_LITERAL_CONVERSION = YES;
				CLANG_WARN_OBJC_ROOT_CLASS = YES_ERROR;
				CLANG_WARN_RANGE_LOOP_ANALYSIS = YES;
				CLANG_WARN_STRICT_PROTOTYPES = YES;
				CLANG_WARN_SUSPICIOUS_MOVE = YES;
				CLANG_WARN_UNGUARDED_AVAILABILITY = YES_AGGRESSIVE;
				CLANG_WARN_UNREACHABLE_CODE = YES;
				CLANG_WARN__DUPLICATE_METHOD_MATCH = YES;
				COPY_PHASE_STRIP = NO;
				DEBUG_INFORMATION_FORMAT = dwarf;
				ENABLE_STRICT_OBJC_MSGSEND = YES;
				ENABLE_TESTABILITY = YES;
				GCC_C_LANGUAGE_STANDARD = gnu11;
				GCC_DYNAMIC_NO_PIC = NO;
				GCC_NO_COMMON_BLOCKS = YES;
				GCC_OPTIMIZATION_LEVEL = 0;
				GCC_PREPROCESSOR_DEFINITIONS = (
					"DEBUG=1",
					"$(inherited)",
				);
				GCC_WARN_64_TO_32_BIT_CONVERSION = YES;
				GCC_WARN_ABOUT_RETURN_TYPE = YES_ERROR;
				GCC_WARN_UNDECLARED_SELECTOR = YES;
				GCC_WARN_UNINITIALIZED_AUTOS = YES_AGGRESSIVE;
				GCC_WARN_UNUSED_FUNCTION = YES;
				GCC_WARN_UNUSED_VARIABLE = YES;
				IPHONEOS_DEPLOYMENT_TARGET = 13.5;
				MTL_ENABLE_DEBUG_INFO = INCLUDE_SOURCE;
				MTL_FAST_MATH = YES;
				ONLY_ACTIVE_ARCH = YES;
				SDKROOT = iphoneos;
				SWIFT_ACTIVE_COMPILATION_CONDITIONS = DEBUG;
				SWIFT_OPTIMIZATION_LEVEL = "-Onone";
			};
			name = Debug;
		};
		1690AA8A24D8C674003A9D19 /* Release */ = {
			isa = XCBuildConfiguration;
			buildSettings = {
				ALWAYS_SEARCH_USER_PATHS = NO;
				CLANG_ANALYZER_NONNULL = YES;
				CLANG_ANALYZER_NUMBER_OBJECT_CONVERSION = YES_AGGRESSIVE;
				CLANG_CXX_LANGUAGE_STANDARD = "gnu++14";
				CLANG_CXX_LIBRARY = "libc++";
				CLANG_ENABLE_MODULES = YES;
				CLANG_ENABLE_OBJC_ARC = YES;
				CLANG_ENABLE_OBJC_WEAK = YES;
				CLANG_WARN_BLOCK_CAPTURE_AUTORELEASING = YES;
				CLANG_WARN_BOOL_CONVERSION = YES;
				CLANG_WARN_COMMA = YES;
				CLANG_WARN_CONSTANT_CONVERSION = YES;
				CLANG_WARN_DEPRECATED_OBJC_IMPLEMENTATIONS = YES;
				CLANG_WARN_DIRECT_OBJC_ISA_USAGE = YES_ERROR;
				CLANG_WARN_DOCUMENTATION_COMMENTS = YES;
				CLANG_WARN_EMPTY_BODY = YES;
				CLANG_WARN_ENUM_CONVERSION = YES;
				CLANG_WARN_INFINITE_RECURSION = YES;
				CLANG_WARN_INT_CONVERSION = YES;
				CLANG_WARN_NON_LITERAL_NULL_CONVERSION = YES;
				CLANG_WARN_OBJC_IMPLICIT_RETAIN_SELF = YES;
				CLANG_WARN_OBJC_LITERAL_CONVERSION = YES;
				CLANG_WARN_OBJC_ROOT_CLASS = YES_ERROR;
				CLANG_WARN_RANGE_LOOP_ANALYSIS = YES;
				CLANG_WARN_STRICT_PROTOTYPES = YES;
				CLANG_WARN_SUSPICIOUS_MOVE = YES;
				CLANG_WARN_UNGUARDED_AVAILABILITY = YES_AGGRESSIVE;
				CLANG_WARN_UNREACHABLE_CODE = YES;
				CLANG_WARN__DUPLICATE_METHOD_MATCH = YES;
				COPY_PHASE_STRIP = NO;
				DEBUG_INFORMATION_FORMAT = "dwarf-with-dsym";
				ENABLE_NS_ASSERTIONS = NO;
				ENABLE_STRICT_OBJC_MSGSEND = YES;
				GCC_C_LANGUAGE_STANDARD = gnu11;
				GCC_NO_COMMON_BLOCKS = YES;
				GCC_WARN_64_TO_32_BIT_CONVERSION = YES;
				GCC_WARN_ABOUT_RETURN_TYPE = YES_ERROR;
				GCC_WARN_UNDECLARED_SELECTOR = YES;
				GCC_WARN_UNINITIALIZED_AUTOS = YES_AGGRESSIVE;
				GCC_WARN_UNUSED_FUNCTION = YES;
				GCC_WARN_UNUSED_VARIABLE = YES;
				IPHONEOS_DEPLOYMENT_TARGET = 13.5;
				MTL_ENABLE_DEBUG_INFO = NO;
				MTL_FAST_MATH = YES;
				SDKROOT = iphoneos;
				SWIFT_COMPILATION_MODE = wholemodule;
				SWIFT_OPTIMIZATION_LEVEL = "-O";
				VALIDATE_PRODUCT = YES;
			};
			name = Release;
		};
		1690AA8C24D8C674003A9D19 /* Debug */ = {
			isa = XCBuildConfiguration;
			buildSettings = {
				ASSETCATALOG_COMPILER_APPICON_NAME = AppIcon;
				CODE_SIGN_STYLE = Automatic;
				DEVELOPMENT_TEAM = KJUJ6544SG;
				INFOPLIST_FILE = Project3/Info.plist;
				LD_RUNPATH_SEARCH_PATHS = (
					"$(inherited)",
					"@executable_path/Frameworks",
				);
				PRODUCT_BUNDLE_IDENTIFIER = com.lucasrocha.Project3;
				PRODUCT_NAME = Project3;
				SWIFT_VERSION = 5.0;
				TARGETED_DEVICE_FAMILY = "1,2";
			};
			name = Debug;
		};
		1690AA8D24D8C674003A9D19 /* Release */ = {
			isa = XCBuildConfiguration;
			buildSettings = {
				ASSETCATALOG_COMPILER_APPICON_NAME = AppIcon;
				CODE_SIGN_STYLE = Automatic;
				DEVELOPMENT_TEAM = KJUJ6544SG;
				INFOPLIST_FILE = Project3/Info.plist;
				LD_RUNPATH_SEARCH_PATHS = (
					"$(inherited)",
					"@executable_path/Frameworks",
				);
				PRODUCT_BUNDLE_IDENTIFIER = com.lucasrocha.Project3;
				PRODUCT_NAME = Project3;
				SWIFT_VERSION = 5.0;
				TARGETED_DEVICE_FAMILY = "1,2";
			};
			name = Release;
		};
/* End XCBuildConfiguration section */

/* Begin XCConfigurationList section */
		1690AA7224D8C66F003A9D19 /* Build configuration list for PBXProject "Project3" */ = {
			isa = XCConfigurationList;
			buildConfigurations = (
				1690AA8924D8C674003A9D19 /* Debug */,
				1690AA8A24D8C674003A9D19 /* Release */,
			);
			defaultConfigurationIsVisible = 0;
			defaultConfigurationName = Release;
		};
		1690AA8B24D8C674003A9D19 /* Build configuration list for PBXNativeTarget "Project3" */ = {
			isa = XCConfigurationList;
			buildConfigurations = (
				1690AA8C24D8C674003A9D19 /* Debug */,
				1690AA8D24D8C674003A9D19 /* Release */,
			);
			defaultConfigurationIsVisible = 0;
			defaultConfigurationName = Release;
		};
/* End XCConfigurationList section */
	};
	rootObject = 1690AA6F24D8C66F003A9D19 /* Project object */;
}
